
Microsoft Visual Studio Solution File, Format Version 12.00
# Visual Studio Version 17
VisualStudioVersion = 17.5.33414.496
MinimumVisualStudioVersion = 10.0.40219.1
Project("{8BC9CEB8-8B4A-11D0-8D11-00A0C91BC942}") = "07.1if语句", "07.1if语句\07.1if语句.vcxproj", "{731931C3-9AEA-4EAE-9576-DE8B5EE4A3B0}"
EndProject
Project("{8BC9CEB8-8B4A-11D0-8D11-00A0C91BC942}") = "07.2if_else语句", "07.2if_else语句\07.2if_else语句.vcxproj", "{B136A6FB-E86E-4137-8949-C9973563BBC2}"
EndProject
Project("{8BC9CEB8-8B4A-11D0-8D11-00A0C91BC942}") = "07.3逻辑运算符", "07.3逻辑运算符\07.3逻辑运算符.vcxproj", "{AAF19065-AC48-4C1B-981C-1C79949AD640}"
EndProject
Project("{8BC9CEB8-8B4A-11D0-8D11-00A0C91BC942}") = "07.4一个统计单词的程序", "07.4一个统计单词的程序\07.4一个统计单词的程序.vcxproj", "{8A22E2E3-6A46-4DB1-971C-E0A416533DB8}"
EndProject
Project("{8BC9CEB8-8B4A-11D0-8D11-00A0C91BC942}") = "07.5条件运算符：？：", "07.5条件运算符：？：\07.5条件运算符：？：.vcxproj", "{B124524F-C283-4BE5-AC0F-FD02D690C57D}"
EndProject
Project("{8BC9CEB8-8B4A-11D0-8D11-00A0C91BC942}") = "07.6循环辅助：continue和break", "07.6循环辅助：continue和break\07.6循环辅助：continue和break.vcxproj", "{547AFB60-73A4-4329-90FC-8DE00A66DFCA}"
EndProject
Global
	GlobalSection(SolutionConfigurationPlatforms) = preSolution
		Debug|x64 = Debug|x64
		Debug|x86 = Debug|x86
		Release|x64 = Release|x64
		Release|x86 = Release|x86
	EndGlobalSection
	GlobalSection(ProjectConfigurationPlatforms) = postSolution
		{731931C3-9AEA-4EAE-9576-DE8B5EE4A3B0}.Debug|x64.ActiveCfg = Debug|x64
		{731931C3-9AEA-4EAE-9576-DE8B5EE4A3B0}.Debug|x64.Build.0 = Debug|x64
		{731931C3-9AEA-4EAE-9576-DE8B5EE4A3B0}.Debug|x86.ActiveCfg = Debug|Win32
		{731931C3-9AEA-4EAE-9576-DE8B5EE4A3B0}.Debug|x86.Build.0 = Debug|Win32
		{731931C3-9AEA-4EAE-9576-DE8B5EE4A3B0}.Release|x64.ActiveCfg = Release|x64
		{731931C3-9AEA-4EAE-9576-DE8B5EE4A3B0}.Release|x64.Build.0 = Release|x64
		{731931C3-9AEA-4EAE-9576-DE8B5EE4A3B0}.Release|x86.ActiveCfg = Release|Win32
		{731931C3-9AEA-4EAE-9576-DE8B5EE4A3B0}.Release|x86.Build.0 = Release|Win32
		{B136A6FB-E86E-4137-8949-C9973563BBC2}.Debug|x64.ActiveCfg = Debug|x64
		{B136A6FB-E86E-4137-8949-C9973563BBC2}.Debug|x64.Build.0 = Debug|x64
		{B136A6FB-E86E-4137-8949-C9973563BBC2}.Debug|x86.ActiveCfg = Debug|Win32
		{B136A6FB-E86E-4137-8949-C9973563BBC2}.Debug|x86.Build.0 = Debug|Win32
		{B136A6FB-E86E-4137-8949-C9973563BBC2}.Release|x64.ActiveCfg = Release|x64
		{B136A6FB-E86E-4137-8949-C9973563BBC2}.Release|x64.Build.0 = Release|x64
		{B136A6FB-E86E-4137-8949-C9973563BBC2}.Release|x86.ActiveCfg = Release|Win32
		{B136A6FB-E86E-4137-8949-C9973563BBC2}.Release|x86.Build.0 = Release|Win32
		{AAF19065-AC48-4C1B-981C-1C79949AD640}.Debug|x64.ActiveCfg = Debug|x64
		{AAF19065-AC48-4C1B-981C-1C79949AD640}.Debug|x64.Build.0 = Debug|x64
		{AAF19065-AC48-4C1B-981C-1C79949AD640}.Debug|x86.ActiveCfg = Debug|Win32
		{AAF19065-AC48-4C1B-981C-1C79949AD640}.Debug|x86.Build.0 = Debug|Win32
		{AAF19065-AC48-4C1B-981C-1C79949AD640}.Release|x64.ActiveCfg = Release|x64
		{AAF19065-AC48-4C1B-981C-1C79949AD640}.Release|x64.Build.0 = Release|x64
		{AAF19065-AC48-4C1B-981C-1C79949AD640}.Release|x86.ActiveCfg = Release|Win32
		{AAF19065-AC48-4C1B-981C-1C79949AD640}.Release|x86.Build.0 = Release|Win32
		{8A22E2E3-6A46-4DB1-971C-E0A416533DB8}.Debug|x64.ActiveCfg = Debug|x64
		{8A22E2E3-6A46-4DB1-971C-E0A416533DB8}.Debug|x64.Build.0 = Debug|x64
		{8A22E2E3-6A46-4DB1-971C-E0A416533DB8}.Debug|x86.ActiveCfg = Debug|Win32
		{8A22E2E3-6A46-4DB1-971C-E0A416533DB8}.Debug|x86.Build.0 = Debug|Win32
		{8A22E2E3-6A46-4DB1-971C-E0A416533DB8}.Release|x64.ActiveCfg = Release|x64
		{8A22E2E3-6A46-4DB1-971C-E0A416533DB8}.Release|x64.Build.0 = Release|x64
		{8A22E2E3-6A46-4DB1-971C-E0A416533DB8}.Release|x86.ActiveCfg = Release|Win32
		{8A22E2E3-6A46-4DB1-971C-E0A416533DB8}.Release|x86.Build.0 = Release|Win32
		{B124524F-C283-4BE5-AC0F-FD02D690C57D}.Debug|x64.ActiveCfg = Debug|x64
		{B124524F-C283-4BE5-AC0F-FD02D690C57D}.Debug|x64.Build.0 = Debug|x64
		{B124524F-C283-4BE5-AC0F-FD02D690C57D}.Debug|x86.ActiveCfg = Debug|Win32
		{B124524F-C283-4BE5-AC0F-FD02D690C57D}.Debug|x86.Build.0 = Debug|Win32
		{B124524F-C283-4BE5-AC0F-FD02D690C57D}.Release|x64.ActiveCfg = Release|x64
		{B124524F-C283-4BE5-AC0F-FD02D690C57D}.Release|x64.Build.0 = Release|x64
		{B124524F-C283-4BE5-AC0F-FD02D690C57D}.Release|x86.ActiveCfg = Release|Win32
		{B124524F-C283-4BE5-AC0F-FD02D690C57D}.Release|x86.Build.0 = Release|Win32
		{547AFB60-73A4-4329-90FC-8DE00A66DFCA}.Debug|x64.ActiveCfg = Debug|x64
		{547AFB60-73A4-4329-90FC-8DE00A66DFCA}.Debug|x64.Build.0 = Debug|x64
		{547AFB60-73A4-4329-90FC-8DE00A66DFCA}.Debug|x86.ActiveCfg = Debug|Win32
		{547AFB60-73A4-4329-90FC-8DE00A66DFCA}.Debug|x86.Build.0 = Debug|Win32
		{547AFB60-73A4-4329-90FC-8DE00A66DFCA}.Release|x64.ActiveCfg = Release|x64
		{547AFB60-73A4-4329-90FC-8DE00A66DFCA}.Release|x64.Build.0 = Release|x64
		{547AFB60-73A4-4329-90FC-8DE00A66DFCA}.Release|x86.ActiveCfg = Release|Win32
		{547AFB60-73A4-4329-90FC-8DE00A66DFCA}.Release|x86.Build.0 = Release|Win32
	EndGlobalSection
	GlobalSection(SolutionProperties) = preSolution
		HideSolutionNode = FALSE
	EndGlobalSection
	GlobalSection(ExtensibilityGlobals) = postSolution
		SolutionGuid = {B661B19E-0A91-4234-84D2-D32783E14A9E}
	EndGlobalSection
EndGlobal
