
Microsoft Visual Studio Solution File, Format Version 12.00
# Visual Studio Version 17
VisualStudioVersion = 17.5.33414.496
MinimumVisualStudioVersion = 10.0.40219.1
Project("{8BC9CEB8-8B4A-11D0-8D11-00A0C91BC942}") = "07.1if语句", "07.1if语句\07.1if语句.vcxproj", "{731931C3-9AEA-4EAE-9576-DE8B5EE4A3B0}"
EndProject
Project("{8BC9CEB8-8B4A-11D0-8D11-00A0C91BC942}") = "07.2if_else语句", "07.2if_else语句\07.2if_else语句.vcxproj", "{B136A6FB-E86E-4137-8949-C9973563BBC2}"
EndProject
Project("{8BC9CEB8-8B4A-11D0-8D11-00A0C91BC942}") = "07.3逻辑运算符", "07.3逻辑运算符\07.3逻辑运算符.vcxproj", "{AAF19065-AC48-4C1B-981C-1C79949AD640}"
EndProject
Project("{8BC9CEB8-8B4A-11D0-8D11-00A0C91BC942}") = "07.4一个统计单词的程序", "07.4一个统计单词的程序\07.4一个统计单词的程序.vcxproj", "{8A22E2E3-6A46-4DB1-971C-E0A416533DB8}"
EndProject
Project("{8BC9CEB8-8B4A-11D0-8D11-00A0C91BC942}") = "07.5条件运算符：？：", "07.5条件运算符：？：\07.5条件运算符：？：.vcxproj", "{B124524F-C283-4BE5-AC0F-FD02D690C57D}"
EndProject
Project("{8BC9CEB8-8B4A-11D0-8D11-00A0C91BC942}") = "07.6循环辅助：continue和break", "07.6循环辅助：continue和break\07.6循环辅助：continue和break.vcxproj", "{547AFB60-73A4-4329-90FC-8DE00A66DFCA}"
EndProject
Project("{8BC9CEB8-8B4A-11D0-8D11-00A0C91BC942}") = "07.7多重选择：switch和break", "07.7多重选择：switch和break\07.7多重选择：switch和break.vcxproj", "{27D79B92-D770-4386-8F70-21EAF65A8299}"
EndProject
Project("{8BC9CEB8-8B4A-11D0-8D11-00A0C91BC942}") = "17.12编程练习第一题", "17.12编程练习第一题\17.12编程练习第一题.vcxproj", "{CB5C7D02-DCA4-4E3E-A6AE-C3A15C74AAEA}"
EndProject
Project("{8BC9CEB8-8B4A-11D0-8D11-00A0C91BC942}") = "27.12编程练习第二题", "27.12编程练习第二题\27.12编程练习第二题.vcxproj", "{78AD6DC8-C36F-41AD-8DE3-CB78BFE065D3}"
EndProject
Project("{8BC9CEB8-8B4A-11D0-8D11-00A0C91BC942}") = "37.12编程练习第三题", "37.12编程练习第三题\37.12编程练习第三题.vcxproj", "{3D72A35A-FF47-4FB0-BA9B-83ACBBCA626F}"
EndProject
Project("{8BC9CEB8-8B4A-11D0-8D11-00A0C91BC942}") = "4.7.12编程练习第四题", "4.7.12编程练习第四题\4.7.12编程练习第四题.vcxproj", "{6DD67C02-7B88-43A7-918E-EB6B4386D0B4}"
EndProject
Project("{8BC9CEB8-8B4A-11D0-8D11-00A0C91BC942}") = "5.7.12编程练习第五题", "5.7.12编程练习第五题\5.7.12编程练习第五题.vcxproj", "{D1F06A05-851F-48FC-BC30-AC385B9E2DC3}"
EndProject
Project("{8BC9CEB8-8B4A-11D0-8D11-00A0C91BC942}") = "6.7.12编程练习第六题", "6.7.12编程练习第六题\6.7.12编程练习第六题.vcxproj", "{6E078D9D-F73F-44FE-8852-486ED0EF19B1}"
EndProject
Project("{8BC9CEB8-8B4A-11D0-8D11-00A0C91BC942}") = "7.7.12编程练习第七题", "7.7.12编程练习第七题\7.7.12编程练习第七题.vcxproj", "{292372FD-3DC8-4047-A743-60B1ADE6D560}"
EndProject
Global
	GlobalSection(SolutionConfigurationPlatforms) = preSolution
		Debug|x64 = Debug|x64
		Debug|x86 = Debug|x86
		Release|x64 = Release|x64
		Release|x86 = Release|x86
	EndGlobalSection
	GlobalSection(ProjectConfigurationPlatforms) = postSolution
		{731931C3-9AEA-4EAE-9576-DE8B5EE4A3B0}.Debug|x64.ActiveCfg = Debug|x64
		{731931C3-9AEA-4EAE-9576-DE8B5EE4A3B0}.Debug|x64.Build.0 = Debug|x64
		{731931C3-9AEA-4EAE-9576-DE8B5EE4A3B0}.Debug|x86.ActiveCfg = Debug|Win32
		{731931C3-9AEA-4EAE-9576-DE8B5EE4A3B0}.Debug|x86.Build.0 = Debug|Win32
		{731931C3-9AEA-4EAE-9576-DE8B5EE4A3B0}.Release|x64.ActiveCfg = Release|x64
		{731931C3-9AEA-4EAE-9576-DE8B5EE4A3B0}.Release|x64.Build.0 = Release|x64
		{731931C3-9AEA-4EAE-9576-DE8B5EE4A3B0}.Release|x86.ActiveCfg = Release|Win32
		{731931C3-9AEA-4EAE-9576-DE8B5EE4A3B0}.Release|x86.Build.0 = Release|Win32
		{B136A6FB-E86E-4137-8949-C9973563BBC2}.Debug|x64.ActiveCfg = Debug|x64
		{B136A6FB-E86E-4137-8949-C9973563BBC2}.Debug|x64.Build.0 = Debug|x64
		{B136A6FB-E86E-4137-8949-C9973563BBC2}.Debug|x86.ActiveCfg = Debug|Win32
		{B136A6FB-E86E-4137-8949-C9973563BBC2}.Debug|x86.Build.0 = Debug|Win32
		{B136A6FB-E86E-4137-8949-C9973563BBC2}.Release|x64.ActiveCfg = Release|x64
		{B136A6FB-E86E-4137-8949-C9973563BBC2}.Release|x64.Build.0 = Release|x64
		{B136A6FB-E86E-4137-8949-C9973563BBC2}.Release|x86.ActiveCfg = Release|Win32
		{B136A6FB-E86E-4137-8949-C9973563BBC2}.Release|x86.Build.0 = Release|Win32
		{AAF19065-AC48-4C1B-981C-1C79949AD640}.Debug|x64.ActiveCfg = Debug|x64
		{AAF19065-AC48-4C1B-981C-1C79949AD640}.Debug|x64.Build.0 = Debug|x64
		{AAF19065-AC48-4C1B-981C-1C79949AD640}.Debug|x86.ActiveCfg = Debug|Win32
		{AAF19065-AC48-4C1B-981C-1C79949AD640}.Debug|x86.Build.0 = Debug|Win32
		{AAF19065-AC48-4C1B-981C-1C79949AD640}.Release|x64.ActiveCfg = Release|x64
		{AAF19065-AC48-4C1B-981C-1C79949AD640}.Release|x64.Build.0 = Release|x64
		{AAF19065-AC48-4C1B-981C-1C79949AD640}.Release|x86.ActiveCfg = Release|Win32
		{AAF19065-AC48-4C1B-981C-1C79949AD640}.Release|x86.Build.0 = Release|Win32
		{8A22E2E3-6A46-4DB1-971C-E0A416533DB8}.Debug|x64.ActiveCfg = Debug|x64
		{8A22E2E3-6A46-4DB1-971C-E0A416533DB8}.Debug|x64.Build.0 = Debug|x64
		{8A22E2E3-6A46-4DB1-971C-E0A416533DB8}.Debug|x86.ActiveCfg = Debug|Win32
		{8A22E2E3-6A46-4DB1-971C-E0A416533DB8}.Debug|x86.Build.0 = Debug|Win32
		{8A22E2E3-6A46-4DB1-971C-E0A416533DB8}.Release|x64.ActiveCfg = Release|x64
		{8A22E2E3-6A46-4DB1-971C-E0A416533DB8}.Release|x64.Build.0 = Release|x64
		{8A22E2E3-6A46-4DB1-971C-E0A416533DB8}.Release|x86.ActiveCfg = Release|Win32
		{8A22E2E3-6A46-4DB1-971C-E0A416533DB8}.Release|x86.Build.0 = Release|Win32
		{B124524F-C283-4BE5-AC0F-FD02D690C57D}.Debug|x64.ActiveCfg = Debug|x64
		{B124524F-C283-4BE5-AC0F-FD02D690C57D}.Debug|x64.Build.0 = Debug|x64
		{B124524F-C283-4BE5-AC0F-FD02D690C57D}.Debug|x86.ActiveCfg = Debug|Win32
		{B124524F-C283-4BE5-AC0F-FD02D690C57D}.Debug|x86.Build.0 = Debug|Win32
		{B124524F-C283-4BE5-AC0F-FD02D690C57D}.Release|x64.ActiveCfg = Release|x64
		{B124524F-C283-4BE5-AC0F-FD02D690C57D}.Release|x64.Build.0 = Release|x64
		{B124524F-C283-4BE5-AC0F-FD02D690C57D}.Release|x86.ActiveCfg = Release|Win32
		{B124524F-C283-4BE5-AC0F-FD02D690C57D}.Release|x86.Build.0 = Release|Win32
		{547AFB60-73A4-4329-90FC-8DE00A66DFCA}.Debug|x64.ActiveCfg = Debug|x64
		{547AFB60-73A4-4329-90FC-8DE00A66DFCA}.Debug|x64.Build.0 = Debug|x64
		{547AFB60-73A4-4329-90FC-8DE00A66DFCA}.Debug|x86.ActiveCfg = Debug|Win32
		{547AFB60-73A4-4329-90FC-8DE00A66DFCA}.Debug|x86.Build.0 = Debug|Win32
		{547AFB60-73A4-4329-90FC-8DE00A66DFCA}.Release|x64.ActiveCfg = Release|x64
		{547AFB60-73A4-4329-90FC-8DE00A66DFCA}.Release|x64.Build.0 = Release|x64
		{547AFB60-73A4-4329-90FC-8DE00A66DFCA}.Release|x86.ActiveCfg = Release|Win32
		{547AFB60-73A4-4329-90FC-8DE00A66DFCA}.Release|x86.Build.0 = Release|Win32
		{27D79B92-D770-4386-8F70-21EAF65A8299}.Debug|x64.ActiveCfg = Debug|x64
		{27D79B92-D770-4386-8F70-21EAF65A8299}.Debug|x64.Build.0 = Debug|x64
		{27D79B92-D770-4386-8F70-21EAF65A8299}.Debug|x86.ActiveCfg = Debug|Win32
		{27D79B92-D770-4386-8F70-21EAF65A8299}.Debug|x86.Build.0 = Debug|Win32
		{27D79B92-D770-4386-8F70-21EAF65A8299}.Release|x64.ActiveCfg = Release|x64
		{27D79B92-D770-4386-8F70-21EAF65A8299}.Release|x64.Build.0 = Release|x64
		{27D79B92-D770-4386-8F70-21EAF65A8299}.Release|x86.ActiveCfg = Release|Win32
		{27D79B92-D770-4386-8F70-21EAF65A8299}.Release|x86.Build.0 = Release|Win32
		{CB5C7D02-DCA4-4E3E-A6AE-C3A15C74AAEA}.Debug|x64.ActiveCfg = Debug|x64
		{CB5C7D02-DCA4-4E3E-A6AE-C3A15C74AAEA}.Debug|x64.Build.0 = Debug|x64
		{CB5C7D02-DCA4-4E3E-A6AE-C3A15C74AAEA}.Debug|x86.ActiveCfg = Debug|Win32
		{CB5C7D02-DCA4-4E3E-A6AE-C3A15C74AAEA}.Debug|x86.Build.0 = Debug|Win32
		{CB5C7D02-DCA4-4E3E-A6AE-C3A15C74AAEA}.Release|x64.ActiveCfg = Release|x64
		{CB5C7D02-DCA4-4E3E-A6AE-C3A15C74AAEA}.Release|x64.Build.0 = Release|x64
		{CB5C7D02-DCA4-4E3E-A6AE-C3A15C74AAEA}.Release|x86.ActiveCfg = Release|Win32
		{CB5C7D02-DCA4-4E3E-A6AE-C3A15C74AAEA}.Release|x86.Build.0 = Release|Win32
		{78AD6DC8-C36F-41AD-8DE3-CB78BFE065D3}.Debug|x64.ActiveCfg = Debug|x64
		{78AD6DC8-C36F-41AD-8DE3-CB78BFE065D3}.Debug|x64.Build.0 = Debug|x64
		{78AD6DC8-C36F-41AD-8DE3-CB78BFE065D3}.Debug|x86.ActiveCfg = Debug|Win32
		{78AD6DC8-C36F-41AD-8DE3-CB78BFE065D3}.Debug|x86.Build.0 = Debug|Win32
		{78AD6DC8-C36F-41AD-8DE3-CB78BFE065D3}.Release|x64.ActiveCfg = Release|x64
		{78AD6DC8-C36F-41AD-8DE3-CB78BFE065D3}.Release|x64.Build.0 = Release|x64
		{78AD6DC8-C36F-41AD-8DE3-CB78BFE065D3}.Release|x86.ActiveCfg = Release|Win32
		{78AD6DC8-C36F-41AD-8DE3-CB78BFE065D3}.Release|x86.Build.0 = Release|Win32
		{3D72A35A-FF47-4FB0-BA9B-83ACBBCA626F}.Debug|x64.ActiveCfg = Debug|x64
		{3D72A35A-FF47-4FB0-BA9B-83ACBBCA626F}.Debug|x64.Build.0 = Debug|x64
		{3D72A35A-FF47-4FB0-BA9B-83ACBBCA626F}.Debug|x86.ActiveCfg = Debug|Win32
		{3D72A35A-FF47-4FB0-BA9B-83ACBBCA626F}.Debug|x86.Build.0 = Debug|Win32
		{3D72A35A-FF47-4FB0-BA9B-83ACBBCA626F}.Release|x64.ActiveCfg = Release|x64
		{3D72A35A-FF47-4FB0-BA9B-83ACBBCA626F}.Release|x64.Build.0 = Release|x64
		{3D72A35A-FF47-4FB0-BA9B-83ACBBCA626F}.Release|x86.ActiveCfg = Release|Win32
		{3D72A35A-FF47-4FB0-BA9B-83ACBBCA626F}.Release|x86.Build.0 = Release|Win32
		{6DD67C02-7B88-43A7-918E-EB6B4386D0B4}.Debug|x64.ActiveCfg = Debug|x64
		{6DD67C02-7B88-43A7-918E-EB6B4386D0B4}.Debug|x64.Build.0 = Debug|x64
		{6DD67C02-7B88-43A7-918E-EB6B4386D0B4}.Debug|x86.ActiveCfg = Debug|Win32
		{6DD67C02-7B88-43A7-918E-EB6B4386D0B4}.Debug|x86.Build.0 = Debug|Win32
		{6DD67C02-7B88-43A7-918E-EB6B4386D0B4}.Release|x64.ActiveCfg = Release|x64
		{6DD67C02-7B88-43A7-918E-EB6B4386D0B4}.Release|x64.Build.0 = Release|x64
		{6DD67C02-7B88-43A7-918E-EB6B4386D0B4}.Release|x86.ActiveCfg = Release|Win32
		{6DD67C02-7B88-43A7-918E-EB6B4386D0B4}.Release|x86.Build.0 = Release|Win32
		{D1F06A05-851F-48FC-BC30-AC385B9E2DC3}.Debug|x64.ActiveCfg = Debug|x64
		{D1F06A05-851F-48FC-BC30-AC385B9E2DC3}.Debug|x64.Build.0 = Debug|x64
		{D1F06A05-851F-48FC-BC30-AC385B9E2DC3}.Debug|x86.ActiveCfg = Debug|Win32
		{D1F06A05-851F-48FC-BC30-AC385B9E2DC3}.Debug|x86.Build.0 = Debug|Win32
		{D1F06A05-851F-48FC-BC30-AC385B9E2DC3}.Release|x64.ActiveCfg = Release|x64
		{D1F06A05-851F-48FC-BC30-AC385B9E2DC3}.Release|x64.Build.0 = Release|x64
		{D1F06A05-851F-48FC-BC30-AC385B9E2DC3}.Release|x86.ActiveCfg = Release|Win32
		{D1F06A05-851F-48FC-BC30-AC385B9E2DC3}.Release|x86.Build.0 = Release|Win32
		{6E078D9D-F73F-44FE-8852-486ED0EF19B1}.Debug|x64.ActiveCfg = Debug|x64
		{6E078D9D-F73F-44FE-8852-486ED0EF19B1}.Debug|x64.Build.0 = Debug|x64
		{6E078D9D-F73F-44FE-8852-486ED0EF19B1}.Debug|x86.ActiveCfg = Debug|Win32
		{6E078D9D-F73F-44FE-8852-486ED0EF19B1}.Debug|x86.Build.0 = Debug|Win32
		{6E078D9D-F73F-44FE-8852-486ED0EF19B1}.Release|x64.ActiveCfg = Release|x64
		{6E078D9D-F73F-44FE-8852-486ED0EF19B1}.Release|x64.Build.0 = Release|x64
		{6E078D9D-F73F-44FE-8852-486ED0EF19B1}.Release|x86.ActiveCfg = Release|Win32
		{6E078D9D-F73F-44FE-8852-486ED0EF19B1}.Release|x86.Build.0 = Release|Win32
		{292372FD-3DC8-4047-A743-60B1ADE6D560}.Debug|x64.ActiveCfg = Debug|x64
		{292372FD-3DC8-4047-A743-60B1ADE6D560}.Debug|x64.Build.0 = Debug|x64
		{292372FD-3DC8-4047-A743-60B1ADE6D560}.Debug|x86.ActiveCfg = Debug|Win32
		{292372FD-3DC8-4047-A743-60B1ADE6D560}.Debug|x86.Build.0 = Debug|Win32
		{292372FD-3DC8-4047-A743-60B1ADE6D560}.Release|x64.ActiveCfg = Release|x64
		{292372FD-3DC8-4047-A743-60B1ADE6D560}.Release|x64.Build.0 = Release|x64
		{292372FD-3DC8-4047-A743-60B1ADE6D560}.Release|x86.ActiveCfg = Release|Win32
		{292372FD-3DC8-4047-A743-60B1ADE6D560}.Release|x86.Build.0 = Release|Win32
	EndGlobalSection
	GlobalSection(SolutionProperties) = preSolution
		HideSolutionNode = FALSE
	EndGlobalSection
	GlobalSection(ExtensibilityGlobals) = postSolution
		SolutionGuid = {B661B19E-0A91-4234-84D2-D32783E14A9E}
	EndGlobalSection
EndGlobal
